// !$*UTF8*$!
{
	archiveVersion = 1;
	classes = {
	};
	objectVersion = 50;
	objects = {

/* Begin PBXBuildFile section */
		7B07FD7820E4788A0073EEB3 /* ViewController.m in Sources */ = {isa = PBXBuildFile; fileRef = 7B07FD6B20E4788A0073EEB3 /* ViewController.m */; };
		7B07FD7920E4788A0073EEB3 /* Assets.xcassets in Resources */ = {isa = PBXBuildFile; fileRef = 7B07FD6F20E4788A0073EEB3 /* Assets.xcassets */; };
		7B07FD7A20E4788A0073EEB3 /* LaunchScreen.storyboard in Resources */ = {isa = PBXBuildFile; fileRef = 7B07FD7020E4788A0073EEB3 /* LaunchScreen.storyboard */; };
		7B07FD7B20E4788A0073EEB3 /* Main.storyboard in Resources */ = {isa = PBXBuildFile; fileRef = 7B07FD7220E4788A0073EEB3 /* Main.storyboard */; };
		7B07FD7C20E4788A0073EEB3 /* main.m in Sources */ = {isa = PBXBuildFile; fileRef = 7B07FD7420E4788A0073EEB3 /* main.m */; };
		7B07FD7D20E4788A0073EEB3 /* AppDelegate.m in Sources */ = {isa = PBXBuildFile; fileRef = 7B07FD7520E4788A0073EEB3 /* AppDelegate.m */; };
		7B07FD7E20E4788A0073EEB3 /* Info.plist in Resources */ = {isa = PBXBuildFile; fileRef = 7B07FD7620E4788A0073EEB3 /* Info.plist */; };
		7B07FD8820E47C990073EEB3 /* WHAreaPickerController.m in Sources */ = {isa = PBXBuildFile; fileRef = 7B07FD8020E47C990073EEB3 /* WHAreaPickerController.m */; };
		7B07FD8A20E47C990073EEB3 /* area.plist in Resources */ = {isa = PBXBuildFile; fileRef = 7B07FD8420E47C990073EEB3 /* area.plist */; };
		7B07FD8B20E47C990073EEB3 /* WHAreaList.m in Sources */ = {isa = PBXBuildFile; fileRef = 7B07FD8720E47C990073EEB3 /* WHAreaList.m */; };
		7B07FD8D20E4CC5F0073EEB3 /* AreaPicker.gif in Resources */ = {isa = PBXBuildFile; fileRef = 7B07FD8C20E4CC5E0073EEB3 /* AreaPicker.gif */; };
/* End PBXBuildFile section */

/* Begin PBXFileReference section */
		7B07FD5020E477CD0073EEB3 /* AreaPicker.app */ = {isa = PBXFileReference; explicitFileType = wrapper.application; includeInIndex = 0; path = AreaPicker.app; sourceTree = BUILT_PRODUCTS_DIR; };
		7B07FD6B20E4788A0073EEB3 /* ViewController.m */ = {isa = PBXFileReference; fileEncoding = 4; lastKnownFileType = sourcecode.c.objc; path = ViewController.m; sourceTree = "<group>"; };
		7B07FD6C20E4788A0073EEB3 /* ViewController.h */ = {isa = PBXFileReference; fileEncoding = 4; lastKnownFileType = sourcecode.c.h; path = ViewController.h; sourceTree = "<group>"; };
		7B07FD6E20E4788A0073EEB3 /* AppDelegate.h */ = {isa = PBXFileReference; fileEncoding = 4; lastKnownFileType = sourcecode.c.h; path = AppDelegate.h; sourceTree = "<group>"; };
		7B07FD6F20E4788A0073EEB3 /* Assets.xcassets */ = {isa = PBXFileReference; lastKnownFileType = folder.assetcatalog; path = Assets.xcassets; sourceTree = "<group>"; };
		7B07FD7120E4788A0073EEB3 /* Base */ = {isa = PBXFileReference; lastKnownFileType = file.storyboard; name = Base; path = Base.lproj/LaunchScreen.storyboard; sourceTree = "<group>"; };
		7B07FD7320E4788A0073EEB3 /* Base */ = {isa = PBXFileReference; lastKnownFileType = file.storyboard; name = Base; path = Base.lproj/Main.storyboard; sourceTree = "<group>"; };
		7B07FD7420E4788A0073EEB3 /* main.m */ = {isa = PBXFileReference; fileEncoding = 4; lastKnownFileType = sourcecode.c.objc; path = main.m; sourceTree = "<group>"; };
		7B07FD7520E4788A0073EEB3 /* AppDelegate.m */ = {isa = PBXFileReference; fileEncoding = 4; lastKnownFileType = sourcecode.c.objc; path = AppDelegate.m; sourceTree = "<group>"; };
		7B07FD7620E4788A0073EEB3 /* Info.plist */ = {isa = PBXFileReference; fileEncoding = 4; lastKnownFileType = text.plist.xml; path = Info.plist; sourceTree = "<group>"; };
		7B07FD8020E47C990073EEB3 /* WHAreaPickerController.m */ = {isa = PBXFileReference; fileEncoding = 4; lastKnownFileType = sourcecode.c.objc; path = WHAreaPickerController.m; sourceTree = "<group>"; };
		7B07FD8220E47C990073EEB3 /* WHAreaPickerController.h */ = {isa = PBXFileReference; fileEncoding = 4; lastKnownFileType = sourcecode.c.h; path = WHAreaPickerController.h; sourceTree = "<group>"; };
		7B07FD8420E47C990073EEB3 /* area.plist */ = {isa = PBXFileReference; fileEncoding = 4; lastKnownFileType = text.plist.xml; path = area.plist; sourceTree = "<group>"; };
		7B07FD8620E47C990073EEB3 /* WHAreaList.h */ = {isa = PBXFileReference; fileEncoding = 4; lastKnownFileType = sourcecode.c.h; path = WHAreaList.h; sourceTree = "<group>"; };
		7B07FD8720E47C990073EEB3 /* WHAreaList.m */ = {isa = PBXFileReference; fileEncoding = 4; lastKnownFileType = sourcecode.c.objc; path = WHAreaList.m; sourceTree = "<group>"; };
		7B07FD8C20E4CC5E0073EEB3 /* AreaPicker.gif */ = {isa = PBXFileReference; lastKnownFileType = image.gif; path = AreaPicker.gif; sourceTree = "<group>"; };
/* End PBXFileReference section */

/* Begin PBXFrameworksBuildPhase section */
		7B07FD4D20E477CD0073EEB3 /* Frameworks */ = {
			isa = PBXFrameworksBuildPhase;
			buildActionMask = 2147483647;
			files = (
			);
			runOnlyForDeploymentPostprocessing = 0;
		};
/* End PBXFrameworksBuildPhase section */

/* Begin PBXGroup section */
		7B07FD4720E477CD0073EEB3 = {
			isa = PBXGroup;
			children = (
				7B07FD6920E4788A0073EEB3 /* AreaPicker */,
				7B07FD5120E477CD0073EEB3 /* Products */,
			);
			sourceTree = "<group>";
		};
		7B07FD5120E477CD0073EEB3 /* Products */ = {
			isa = PBXGroup;
			children = (
				7B07FD5020E477CD0073EEB3 /* AreaPicker.app */,
			);
			name = Products;
			sourceTree = "<group>";
		};
		7B07FD6920E4788A0073EEB3 /* AreaPicker */ = {
			isa = PBXGroup;
			children = (
				7B07FD7720E4788A0073EEB3 /* AreaPicker */,
				7B07FD6A20E4788A0073EEB3 /* Controller */,
				7B07FD6D20E4788A0073EEB3 /* Supporting Files */,
			);
			path = AreaPicker;
			sourceTree = "<group>";
		};
		7B07FD6A20E4788A0073EEB3 /* Controller */ = {
			isa = PBXGroup;
			children = (
				7B07FD6C20E4788A0073EEB3 /* ViewController.h */,
				7B07FD6B20E4788A0073EEB3 /* ViewController.m */,
			);
			path = Controller;
			sourceTree = "<group>";
		};
		7B07FD6D20E4788A0073EEB3 /* Supporting Files */ = {
			isa = PBXGroup;
			children = (
				7B07FD8C20E4CC5E0073EEB3 /* AreaPicker.gif */,
				7B07FD6E20E4788A0073EEB3 /* AppDelegate.h */,
				7B07FD7520E4788A0073EEB3 /* AppDelegate.m */,
				7B07FD6F20E4788A0073EEB3 /* Assets.xcassets */,
				7B07FD7020E4788A0073EEB3 /* LaunchScreen.storyboard */,
				7B07FD7220E4788A0073EEB3 /* Main.storyboard */,
				7B07FD7420E4788A0073EEB3 /* main.m */,
				7B07FD7620E4788A0073EEB3 /* Info.plist */,
			);
			path = "Supporting Files";
			sourceTree = "<group>";
		};
		7B07FD7720E4788A0073EEB3 /* AreaPicker */ = {
			isa = PBXGroup;
			children = (
				7B07FD7F20E47C990073EEB3 /* Controller */,
				7B07FD8520E47C990073EEB3 /* Model */,
				7B07FD8320E47C990073EEB3 /* Resource */,
			);
			path = AreaPicker;
			sourceTree = "<group>";
		};
		7B07FD7F20E47C990073EEB3 /* Controller */ = {
			isa = PBXGroup;
			children = (
				7B07FD8220E47C990073EEB3 /* WHAreaPickerController.h */,
				7B07FD8020E47C990073EEB3 /* WHAreaPickerController.m */,
			);
			path = Controller;
			sourceTree = "<group>";
		};
		7B07FD8320E47C990073EEB3 /* Resource */ = {
			isa = PBXGroup;
			children = (
				7B07FD8420E47C990073EEB3 /* area.plist */,
			);
			path = Resource;
			sourceTree = "<group>";
		};
		7B07FD8520E47C990073EEB3 /* Model */ = {
			isa = PBXGroup;
			children = (
				7B07FD8620E47C990073EEB3 /* WHAreaList.h */,
				7B07FD8720E47C990073EEB3 /* WHAreaList.m */,
			);
			path = Model;
			sourceTree = "<group>";
		};
/* End PBXGroup section */

/* Begin PBXNativeTarget section */
		7B07FD4F20E477CD0073EEB3 /* AreaPicker */ = {
			isa = PBXNativeTarget;
			buildConfigurationList = 7B07FD6620E477CF0073EEB3 /* Build configuration list for PBXNativeTarget "AreaPicker" */;
			buildPhases = (
				7B07FD4C20E477CD0073EEB3 /* Sources */,
				7B07FD4D20E477CD0073EEB3 /* Frameworks */,
				7B07FD4E20E477CD0073EEB3 /* Resources */,
			);
			buildRules = (
			);
			dependencies = (
			);
			name = AreaPicker;
			productName = AreaPicker;
			productReference = 7B07FD5020E477CD0073EEB3 /* AreaPicker.app */;
			productType = "com.apple.product-type.application";
		};
/* End PBXNativeTarget section */

/* Begin PBXProject section */
		7B07FD4820E477CD0073EEB3 /* Project object */ = {
			isa = PBXProject;
			attributes = {
				LastUpgradeCheck = 0940;
				ORGANIZATIONNAME = WangHui;
				TargetAttributes = {
					7B07FD4F20E477CD0073EEB3 = {
						CreatedOnToolsVersion = 9.4.1;
					};
				};
			};
			buildConfigurationList = 7B07FD4B20E477CD0073EEB3 /* Build configuration list for PBXProject "AreaPicker" */;
			compatibilityVersion = "Xcode 9.3";
			developmentRegion = en;
			hasScannedForEncodings = 0;
			knownRegions = (
				en,
				Base,
			);
			mainGroup = 7B07FD4720E477CD0073EEB3;
			productRefGroup = 7B07FD5120E477CD0073EEB3 /* Products */;
			projectDirPath = "";
			projectRoot = "";
			targets = (
				7B07FD4F20E477CD0073EEB3 /* AreaPicker */,
			);
		};
/* End PBXProject section */

/* Begin PBXResourcesBuildPhase section */
		7B07FD4E20E477CD0073EEB3 /* Resources */ = {
			isa = PBXResourcesBuildPhase;
			buildActionMask = 2147483647;
			files = (
				7B07FD7E20E4788A0073EEB3 /* Info.plist in Resources */,
				7B07FD7B20E4788A0073EEB3 /* Main.storyboard in Resources */,
				7B07FD7920E4788A0073EEB3 /* Assets.xcassets in Resources */,
				7B07FD7A20E4788A0073EEB3 /* LaunchScreen.storyboard in Resources */,
				7B07FD8A20E47C990073EEB3 /* area.plist in Resources */,
				7B07FD8D20E4CC5F0073EEB3 /* AreaPicker.gif in Resources */,
			);
			runOnlyForDeploymentPostprocessing = 0;
		};
/* End PBXResourcesBuildPhase section */

/* Begin PBXSourcesBuildPhase section */
		7B07FD4C20E477CD0073EEB3 /* Sources */ = {
			isa = PBXSourcesBuildPhase;
			buildActionMask = 2147483647;
			files = (
				7B07FD8B20E47C990073EEB3 /* WHAreaList.m in Sources */,
				7B07FD7C20E4788A0073EEB3 /* main.m in Sources */,
				7B07FD8820E47C990073EEB3 /* WHAreaPickerController.m in Sources */,
				7B07FD7820E4788A0073EEB3 /* ViewController.m in Sources */,
				7B07FD7D20E4788A0073EEB3 /* AppDelegate.m in Sources */,
			);
			runOnlyForDeploymentPostprocessing = 0;
		};
/* End PBXSourcesBuildPhase section */

/* Begin PBXVariantGroup section */
		7B07FD7020E4788A0073EEB3 /* LaunchScreen.storyboard */ = {
			isa = PBXVariantGroup;
			children = (
				7B07FD7120E4788A0073EEB3 /* Base */,
			);
			name = LaunchScreen.storyboard;
			sourceTree = "<group>";
		};
		7B07FD7220E4788A0073EEB3 /* Main.storyboard */ = {
			isa = PBXVariantGroup;
			children = (
				7B07FD7320E4788A0073EEB3 /* Base */,
			);
			name = Main.storyboard;
			sourceTree = "<group>";
		};
/* End PBXVariantGroup section */

/* Begin XCBuildConfiguration section */
		7B07FD6420E477CF0073EEB3 /* Debug */ = {
			isa = XCBuildConfiguration;
			buildSettings = {
				ALWAYS_SEARCH_USER_PATHS = NO;
				CLANG_ANALYZER_NONNULL = YES;
				CLANG_ANALYZER_NUMBER_OBJECT_CONVERSION = YES_AGGRESSIVE;
				CLANG_CXX_LANGUAGE_STANDARD = "gnu++14";
				CLANG_CXX_LIBRARY = "libc++";
				CLANG_ENABLE_MODULES = YES;
				CLANG_ENABLE_OBJC_ARC = YES;
				CLANG_ENABLE_OBJC_WEAK = YES;
				CLANG_WARN_BLOCK_CAPTURE_AUTORELEASING = YES;
				CLANG_WARN_BOOL_CONVERSION = YES;
				CLANG_WARN_COMMA = YES;
				CLANG_WARN_CONSTANT_CONVERSION = YES;
				CLANG_WARN_DEPRECATED_OBJC_IMPLEMENTATIONS = YES;
				CLANG_WARN_DIRECT_OBJC_ISA_USAGE = YES_ERROR;
				CLANG_WARN_DOCUMENTATION_COMMENTS = YES;
				CLANG_WARN_EMPTY_BODY = YES;
				CLANG_WARN_ENUM_CONVERSION = YES;
				CLANG_WARN_INFINITE_RECURSION = YES;
				CLANG_WARN_INT_CONVERSION = YES;
				CLANG_WARN_NON_LITERAL_NULL_CONVERSION = YES;
				CLANG_WARN_OBJC_IMPLICIT_RETAIN_SELF = YES;
				CLANG_WARN_OBJC_LITERAL_CONVERSION = YES;
				CLANG_WARN_OBJC_ROOT_CLASS = YES_ERROR;
				CLANG_WARN_RANGE_LOOP_ANALYSIS = YES;
				CLANG_WARN_STRICT_PROTOTYPES = YES;
				CLANG_WARN_SUSPICIOUS_MOVE = YES;
				CLANG_WARN_UNGUARDED_AVAILABILITY = YES_AGGRESSIVE;
				CLANG_WARN_UNREACHABLE_CODE = YES;
				CLANG_WARN__DUPLICATE_METHOD_MATCH = YES;
				CODE_SIGN_IDENTITY = "iPhone Developer";
				COPY_PHASE_STRIP = NO;
				DEBUG_INFORMATION_FORMAT = dwarf;
				ENABLE_STRICT_OBJC_MSGSEND = YES;
				ENABLE_TESTABILITY = YES;
				GCC_C_LANGUAGE_STANDARD = gnu11;
				GCC_DYNAMIC_NO_PIC = NO;
				GCC_NO_COMMON_BLOCKS = YES;
				GCC_OPTIMIZATION_LEVEL = 0;
				GCC_PREPROCESSOR_DEFINITIONS = (
					"DEBUG=1",
					"$(inherited)",
				);
				GCC_WARN_64_TO_32_BIT_CONVERSION = YES;
				GCC_WARN_ABOUT_RETURN_TYPE = YES_ERROR;
				GCC_WARN_UNDECLARED_SELECTOR = YES;
				GCC_WARN_UNINITIALIZED_AUTOS = YES_AGGRESSIVE;
				GCC_WARN_UNUSED_FUNCTION = YES;
				GCC_WARN_UNUSED_VARIABLE = YES;
				IPHONEOS_DEPLOYMENT_TARGET = 11.4;
				MTL_ENABLE_DEBUG_INFO = YES;
				ONLY_ACTIVE_ARCH = YES;
				SDKROOT = iphoneos;
			};
			name = Debug;
		};
		7B07FD6520E477CF0073EEB3 /* Release */ = {
			isa = XCBuildConfiguration;
			buildSettings = {
				ALWAYS_SEARCH_USER_PATHS = NO;
				CLANG_ANALYZER_NONNULL = YES;
				CLANG_ANALYZER_NUMBER_OBJECT_CONVERSION = YES_AGGRESSIVE;
				CLANG_CXX_LANGUAGE_STANDARD = "gnu++14";
				CLANG_CXX_LIBRARY = "libc++";
				CLANG_ENABLE_MODULES = YES;
				CLANG_ENABLE_OBJC_ARC = YES;
				CLANG_ENABLE_OBJC_WEAK = YES;
				CLANG_WARN_BLOCK_CAPTURE_AUTORELEASING = YES;
				CLANG_WARN_BOOL_CONVERSION = YES;
				CLANG_WARN_COMMA = YES;
				CLANG_WARN_CONSTANT_CONVERSION = YES;
				CLANG_WARN_DEPRECATED_OBJC_IMPLEMENTATIONS = YES;
				CLANG_WARN_DIRECT_OBJC_ISA_USAGE = YES_ERROR;
				CLANG_WARN_DOCUMENTATION_COMMENTS = YES;
				CLANG_WARN_EMPTY_BODY = YES;
				CLANG_WARN_ENUM_CONVERSION = YES;
				CLANG_WARN_INFINITE_RECURSION = YES;
				CLANG_WARN_INT_CONVERSION = YES;
				CLANG_WARN_NON_LITERAL_NULL_CONVERSION = YES;
				CLANG_WARN_OBJC_IMPLICIT_RETAIN_SELF = YES;
				CLANG_WARN_OBJC_LITERAL_CONVERSION = YES;
				CLANG_WARN_OBJC_ROOT_CLASS = YES_ERROR;
				CLANG_WARN_RANGE_LOOP_ANALYSIS = YES;
				CLANG_WARN_STRICT_PROTOTYPES = YES;
				CLANG_WARN_SUSPICIOUS_MOVE = YES;
				CLANG_WARN_UNGUARDED_AVAILABILITY = YES_AGGRESSIVE;
				CLANG_WARN_UNREACHABLE_CODE = YES;
				CLANG_WARN__DUPLICATE_METHOD_MATCH = YES;
				CODE_SIGN_IDENTITY = "iPhone Developer";
				COPY_PHASE_STRIP = NO;
				DEBUG_INFORMATION_FORMAT = "dwarf-with-dsym";
				ENABLE_NS_ASSERTIONS = NO;
				ENABLE_STRICT_OBJC_MSGSEND = YES;
				GCC_C_LANGUAGE_STANDARD = gnu11;
				GCC_NO_COMMON_BLOCKS = YES;
				GCC_WARN_64_TO_32_BIT_CONVERSION = YES;
				GCC_WARN_ABOUT_RETURN_TYPE = YES_ERROR;
				GCC_WARN_UNDECLARED_SELECTOR = YES;
				GCC_WARN_UNINITIALIZED_AUTOS = YES_AGGRESSIVE;
				GCC_WARN_UNUSED_FUNCTION = YES;
				GCC_WARN_UNUSED_VARIABLE = YES;
				IPHONEOS_DEPLOYMENT_TARGET = 11.4;
				MTL_ENABLE_DEBUG_INFO = NO;
				SDKROOT = iphoneos;
				VALIDATE_PRODUCT = YES;
			};
			name = Release;
		};
		7B07FD6720E477CF0073EEB3 /* Debug */ = {
			isa = XCBuildConfiguration;
			buildSettings = {
				ASSETCATALOG_COMPILER_APPICON_NAME = AppIcon;
				CODE_SIGN_STYLE = Automatic;
				INFOPLIST_FILE = "$(SRCROOT)/AreaPicker/Supporting Files/Info.plist";
				IPHONEOS_DEPLOYMENT_TARGET = 9.0;
				LD_RUNPATH_SEARCH_PATHS = (
					"$(inherited)",
					"@executable_path/Frameworks",
				);
				PRODUCT_BUNDLE_IDENTIFIER = com.wanghui.AreaPicker;
				PRODUCT_NAME = "$(TARGET_NAME)";
				TARGETED_DEVICE_FAMILY = 1;
			};
			name = Debug;
		};
		7B07FD6820E477CF0073EEB3 /* Release */ = {
			isa = XCBuildConfiguration;
			buildSettings = {
				ASSETCATALOG_COMPILER_APPICON_NAME = AppIcon;
				CODE_SIGN_STYLE = Automatic;
				INFOPLIST_FILE = "$(SRCROOT)/AreaPicker/Supporting Files/Info.plist";
				IPHONEOS_DEPLOYMENT_TARGET = 9.0;
				LD_RUNPATH_SEARCH_PATHS = (
					"$(inherited)",
					"@executable_path/Frameworks",
				);
				PRODUCT_BUNDLE_IDENTIFIER = com.wanghui.AreaPicker;
				PRODUCT_NAME = "$(TARGET_NAME)";
				TARGETED_DEVICE_FAMILY = 1;
			};
			name = Release;
		};
/* End XCBuildConfiguration section */

/* Begin XCConfigurationList section */
		7B07FD4B20E477CD0073EEB3 /* Build configuration list for PBXProject "AreaPicker" */ = {
			isa = XCConfigurationList;
			buildConfigurations = (
				7B07FD6420E477CF0073EEB3 /* Debug */,
				7B07FD6520E477CF0073EEB3 /* Release */,
			);
			defaultConfigurationIsVisible = 0;
			defaultConfigurationName = Release;
		};
		7B07FD6620E477CF0073EEB3 /* Build configuration list for PBXNativeTarget "AreaPicker" */ = {
			isa = XCConfigurationList;
			buildConfigurations = (
				7B07FD6720E477CF0073EEB3 /* Debug */,
				7B07FD6820E477CF0073EEB3 /* Release */,
			);
			defaultConfigurationIsVisible = 0;
			defaultConfigurationName = Release;
		};
/* End XCConfigurationList section */
	};
	rootObject = 7B07FD4820E477CD0073EEB3 /* Project object */;
}
